// !$*UTF8*$!
{
	archiveVersion = 1;
	classes = {
	};
	objectVersion = 56;
	objects = {

/* Begin PBXBuildFile section */
		10193D1F2C60A7A100BDC2A9 /* AppDelegate.swift in Sources */ = {isa = PBXBuildFile; fileRef = 10193D1E2C60A7A100BDC2A9 /* AppDelegate.swift */; };
		10193D212C60A7A100BDC2A9 /* SceneDelegate.swift in Sources */ = {isa = PBXBuildFile; fileRef = 10193D202C60A7A100BDC2A9 /* SceneDelegate.swift */; };
		10193D232C60A7A100BDC2A9 /* ViewController.swift in Sources */ = {isa = PBXBuildFile; fileRef = 10193D222C60A7A100BDC2A9 /* ViewController.swift */; };
		10193D262C60A7A100BDC2A9 /* Base in Resources */ = {isa = PBXBuildFile; fileRef = 10193D252C60A7A100BDC2A9 /* Base */; };
		10193D292C60A7A100BDC2A9 /* BaseApp.xcdatamodeld in Sources */ = {isa = PBXBuildFile; fileRef = 10193D272C60A7A100BDC2A9 /* BaseApp.xcdatamodeld */; };
		10193D2B2C60A7A200BDC2A9 /* Assets.xcassets in Resources */ = {isa = PBXBuildFile; fileRef = 10193D2A2C60A7A200BDC2A9 /* Assets.xcassets */; };
		10193D2E2C60A7A200BDC2A9 /* Base in Resources */ = {isa = PBXBuildFile; fileRef = 10193D2D2C60A7A200BDC2A9 /* Base */; };
		10193D392C60A7A200BDC2A9 /* BaseAppTests.swift in Sources */ = {isa = PBXBuildFile; fileRef = 10193D382C60A7A200BDC2A9 /* BaseAppTests.swift */; };
		10193D432C60A7A200BDC2A9 /* BaseAppUITests.swift in Sources */ = {isa = PBXBuildFile; fileRef = 10193D422C60A7A200BDC2A9 /* BaseAppUITests.swift */; };
		10193D452C60A7A200BDC2A9 /* BaseAppUITestsLaunchTests.swift in Sources */ = {isa = PBXBuildFile; fileRef = 10193D442C60A7A200BDC2A9 /* BaseAppUITestsLaunchTests.swift */; };
/* End PBXBuildFile section */

/* Begin PBXContainerItemProxy section */
		10193D352C60A7A200BDC2A9 /* PBXContainerItemProxy */ = {
			isa = PBXContainerItemProxy;
			containerPortal = 10193D132C60A7A100BDC2A9 /* Project object */;
			proxyType = 1;
			remoteGlobalIDString = 10193D1A2C60A7A100BDC2A9;
			remoteInfo = BaseApp;
		};
		10193D3F2C60A7A200BDC2A9 /* PBXContainerItemProxy */ = {
			isa = PBXContainerItemProxy;
			containerPortal = 10193D132C60A7A100BDC2A9 /* Project object */;
			proxyType = 1;
			remoteGlobalIDString = 10193D1A2C60A7A100BDC2A9;
			remoteInfo = BaseApp;
		};
/* End PBXContainerItemProxy section */

/* Begin PBXFileReference section */
		10193D1B2C60A7A100BDC2A9 /* BaseApp.app */ = {isa = PBXFileReference; explicitFileType = wrapper.application; includeInIndex = 0; path = BaseApp.app; sourceTree = BUILT_PRODUCTS_DIR; };
		10193D1E2C60A7A100BDC2A9 /* AppDelegate.swift */ = {isa = PBXFileReference; lastKnownFileType = sourcecode.swift; path = AppDelegate.swift; sourceTree = "<group>"; };
		10193D202C60A7A100BDC2A9 /* SceneDelegate.swift */ = {isa = PBXFileReference; lastKnownFileType = sourcecode.swift; path = SceneDelegate.swift; sourceTree = "<group>"; };
		10193D222C60A7A100BDC2A9 /* ViewController.swift */ = {isa = PBXFileReference; lastKnownFileType = sourcecode.swift; path = ViewController.swift; sourceTree = "<group>"; };
		10193D252C60A7A100BDC2A9 /* Base */ = {isa = PBXFileReference; lastKnownFileType = file.storyboard; name = Base; path = Base.lproj/Main.storyboard; sourceTree = "<group>"; };
		10193D282C60A7A100BDC2A9 /* BaseApp.xcdatamodel */ = {isa = PBXFileReference; lastKnownFileType = wrapper.xcdatamodel; path = BaseApp.xcdatamodel; sourceTree = "<group>"; };
		10193D2A2C60A7A200BDC2A9 /* Assets.xcassets */ = {isa = PBXFileReference; lastKnownFileType = folder.assetcatalog; path = Assets.xcassets; sourceTree = "<group>"; };
		10193D2D2C60A7A200BDC2A9 /* Base */ = {isa = PBXFileReference; lastKnownFileType = file.storyboard; name = Base; path = Base.lproj/LaunchScreen.storyboard; sourceTree = "<group>"; };
		10193D2F2C60A7A200BDC2A9 /* Info.plist */ = {isa = PBXFileReference; lastKnownFileType = text.plist.xml; path = Info.plist; sourceTree = "<group>"; };
		10193D342C60A7A200BDC2A9 /* BaseAppTests.xctest */ = {isa = PBXFileReference; explicitFileType = wrapper.cfbundle; includeInIndex = 0; path = BaseAppTests.xctest; sourceTree = BUILT_PRODUCTS_DIR; };
		10193D382C60A7A200BDC2A9 /* BaseAppTests.swift */ = {isa = PBXFileReference; lastKnownFileType = sourcecode.swift; path = BaseAppTests.swift; sourceTree = "<group>"; };
		10193D3E2C60A7A200BDC2A9 /* BaseAppUITests.xctest */ = {isa = PBXFileReference; explicitFileType = wrapper.cfbundle; includeInIndex = 0; path = BaseAppUITests.xctest; sourceTree = BUILT_PRODUCTS_DIR; };
		10193D422C60A7A200BDC2A9 /* BaseAppUITests.swift */ = {isa = PBXFileReference; lastKnownFileType = sourcecode.swift; path = BaseAppUITests.swift; sourceTree = "<group>"; };
		10193D442C60A7A200BDC2A9 /* BaseAppUITestsLaunchTests.swift */ = {isa = PBXFileReference; lastKnownFileType = sourcecode.swift; path = BaseAppUITestsLaunchTests.swift; sourceTree = "<group>"; };
/* End PBXFileReference section */

/* Begin PBXFrameworksBuildPhase section */
		10193D182C60A7A100BDC2A9 /* Frameworks */ = {
			isa = PBXFrameworksBuildPhase;
			buildActionMask = 2147483647;
			files = (
			);
			runOnlyForDeploymentPostprocessing = 0;
		};
		10193D312C60A7A200BDC2A9 /* Frameworks */ = {
			isa = PBXFrameworksBuildPhase;
			buildActionMask = 2147483647;
			files = (
			);
			runOnlyForDeploymentPostprocessing = 0;
		};
		10193D3B2C60A7A200BDC2A9 /* Frameworks */ = {
			isa = PBXFrameworksBuildPhase;
			buildActionMask = 2147483647;
			files = (
			);
			runOnlyForDeploymentPostprocessing = 0;
		};
/* End PBXFrameworksBuildPhase section */

/* Begin PBXGroup section */
		10193D122C60A7A100BDC2A9 = {
			isa = PBXGroup;
			children = (
				10193D1D2C60A7A100BDC2A9 /* BaseApp */,
				10193D372C60A7A200BDC2A9 /* BaseAppTests */,
				10193D412C60A7A200BDC2A9 /* BaseAppUITests */,
				10193D1C2C60A7A100BDC2A9 /* Products */,
			);
			sourceTree = "<group>";
		};
		10193D1C2C60A7A100BDC2A9 /* Products */ = {
			isa = PBXGroup;
			children = (
				10193D1B2C60A7A100BDC2A9 /* BaseApp.app */,
				10193D342C60A7A200BDC2A9 /* BaseAppTests.xctest */,
				10193D3E2C60A7A200BDC2A9 /* BaseAppUITests.xctest */,
			);
			name = Products;
			sourceTree = "<group>";
		};
		10193D1D2C60A7A100BDC2A9 /* BaseApp */ = {
			isa = PBXGroup;
			children = (
				10193D5B2C60AACA00BDC2A9 /* Util */,
				10193D5A2C60AAC200BDC2A9 /* Resources */,
				10193D592C60AABA00BDC2A9 /* StoryBoard */,
				10193D582C60AAB400BDC2A9 /* ViewController */,
				10193D572C60AAAB00BDC2A9 /* Manager */,
				10193D562C60AAA400BDC2A9 /* Models */,
				10193D552C60AA9D00BDC2A9 /* Define */,
				10193D1E2C60A7A100BDC2A9 /* AppDelegate.swift */,
				10193D202C60A7A100BDC2A9 /* SceneDelegate.swift */,
			);
			path = BaseApp;
			sourceTree = "<group>";
		};
		10193D372C60A7A200BDC2A9 /* BaseAppTests */ = {
			isa = PBXGroup;
			children = (
				10193D382C60A7A200BDC2A9 /* BaseAppTests.swift */,
			);
			path = BaseAppTests;
			sourceTree = "<group>";
		};
		10193D412C60A7A200BDC2A9 /* BaseAppUITests */ = {
			isa = PBXGroup;
			children = (
				10193D422C60A7A200BDC2A9 /* BaseAppUITests.swift */,
				10193D442C60A7A200BDC2A9 /* BaseAppUITestsLaunchTests.swift */,
			);
			path = BaseAppUITests;
			sourceTree = "<group>";
		};
		10193D552C60AA9D00BDC2A9 /* Define */ = {
			isa = PBXGroup;
			children = (
			);
			path = Define;
			sourceTree = "<group>";
		};
		10193D562C60AAA400BDC2A9 /* Models */ = {
			isa = PBXGroup;
			children = (
			);
			path = Models;
			sourceTree = "<group>";
		};
		10193D572C60AAAB00BDC2A9 /* Manager */ = {
			isa = PBXGroup;
			children = (
			);
			path = Manager;
			sourceTree = "<group>";
		};
		10193D582C60AAB400BDC2A9 /* ViewController */ = {
			isa = PBXGroup;
			children = (
				10193D222C60A7A100BDC2A9 /* ViewController.swift */,
			);
			path = ViewController;
			sourceTree = "<group>";
		};
		10193D592C60AABA00BDC2A9 /* StoryBoard */ = {
			isa = PBXGroup;
			children = (
				10193D242C60A7A100BDC2A9 /* Main.storyboard */,
				10193D2C2C60A7A200BDC2A9 /* LaunchScreen.storyboard */,
			);
			path = StoryBoard;
			sourceTree = "<group>";
		};
		10193D5A2C60AAC200BDC2A9 /* Resources */ = {
			isa = PBXGroup;
			children = (
				10193D2A2C60A7A200BDC2A9 /* Assets.xcassets */,
				10193D2F2C60A7A200BDC2A9 /* Info.plist */,
				10193D272C60A7A100BDC2A9 /* BaseApp.xcdatamodeld */,
			);
			path = Resources;
			sourceTree = "<group>";
		};
		10193D5B2C60AACA00BDC2A9 /* Util */ = {
			isa = PBXGroup;
			children = (
				10193D5C2C60AAFE00BDC2A9 /* Extension */,
			);
			path = Util;
			sourceTree = "<group>";
		};
		10193D5C2C60AAFE00BDC2A9 /* Extension */ = {
			isa = PBXGroup;
			children = (
			);
			path = Extension;
			sourceTree = "<group>";
		};
/* End PBXGroup section */

/* Begin PBXNativeTarget section */
		10193D1A2C60A7A100BDC2A9 /* BaseApp */ = {
			isa = PBXNativeTarget;
			buildConfigurationList = 10193D482C60A7A200BDC2A9 /* Build configuration list for PBXNativeTarget "BaseApp" */;
			buildPhases = (
				10193D172C60A7A100BDC2A9 /* Sources */,
				10193D182C60A7A100BDC2A9 /* Frameworks */,
				10193D192C60A7A100BDC2A9 /* Resources */,
			);
			buildRules = (
			);
			dependencies = (
			);
			name = BaseApp;
			productName = BaseApp;
			productReference = 10193D1B2C60A7A100BDC2A9 /* BaseApp.app */;
			productType = "com.apple.product-type.application";
		};
		10193D332C60A7A200BDC2A9 /* BaseAppTests */ = {
			isa = PBXNativeTarget;
			buildConfigurationList = 10193D4B2C60A7A200BDC2A9 /* Build configuration list for PBXNativeTarget "BaseAppTests" */;
			buildPhases = (
				10193D302C60A7A200BDC2A9 /* Sources */,
				10193D312C60A7A200BDC2A9 /* Frameworks */,
				10193D322C60A7A200BDC2A9 /* Resources */,
			);
			buildRules = (
			);
			dependencies = (
				10193D362C60A7A200BDC2A9 /* PBXTargetDependency */,
			);
			name = BaseAppTests;
			productName = BaseAppTests;
			productReference = 10193D342C60A7A200BDC2A9 /* BaseAppTests.xctest */;
			productType = "com.apple.product-type.bundle.unit-test";
		};
		10193D3D2C60A7A200BDC2A9 /* BaseAppUITests */ = {
			isa = PBXNativeTarget;
			buildConfigurationList = 10193D4E2C60A7A200BDC2A9 /* Build configuration list for PBXNativeTarget "BaseAppUITests" */;
			buildPhases = (
				10193D3A2C60A7A200BDC2A9 /* Sources */,
				10193D3B2C60A7A200BDC2A9 /* Frameworks */,
				10193D3C2C60A7A200BDC2A9 /* Resources */,
			);
			buildRules = (
			);
			dependencies = (
				10193D402C60A7A200BDC2A9 /* PBXTargetDependency */,
			);
			name = BaseAppUITests;
			productName = BaseAppUITests;
			productReference = 10193D3E2C60A7A200BDC2A9 /* BaseAppUITests.xctest */;
			productType = "com.apple.product-type.bundle.ui-testing";
		};
/* End PBXNativeTarget section */

/* Begin PBXProject section */
		10193D132C60A7A100BDC2A9 /* Project object */ = {
			isa = PBXProject;
			attributes = {
				BuildIndependentTargetsInParallel = 1;
				LastSwiftUpdateCheck = 1540;
				LastUpgradeCheck = 1540;
				TargetAttributes = {
					10193D1A2C60A7A100BDC2A9 = {
						CreatedOnToolsVersion = 15.4;
					};
					10193D332C60A7A200BDC2A9 = {
						CreatedOnToolsVersion = 15.4;
						TestTargetID = 10193D1A2C60A7A100BDC2A9;
					};
					10193D3D2C60A7A200BDC2A9 = {
						CreatedOnToolsVersion = 15.4;
						TestTargetID = 10193D1A2C60A7A100BDC2A9;
					};
				};
			};
			buildConfigurationList = 10193D162C60A7A100BDC2A9 /* Build configuration list for PBXProject "BaseApp" */;
			compatibilityVersion = "Xcode 14.0";
			developmentRegion = en;
			hasScannedForEncodings = 0;
			knownRegions = (
				en,
				Base,
			);
			mainGroup = 10193D122C60A7A100BDC2A9;
			productRefGroup = 10193D1C2C60A7A100BDC2A9 /* Products */;
			projectDirPath = "";
			projectRoot = "";
			targets = (
				10193D1A2C60A7A100BDC2A9 /* BaseApp */,
				10193D332C60A7A200BDC2A9 /* BaseAppTests */,
				10193D3D2C60A7A200BDC2A9 /* BaseAppUITests */,
			);
		};
/* End PBXProject section */

/* Begin PBXResourcesBuildPhase section */
		10193D192C60A7A100BDC2A9 /* Resources */ = {
			isa = PBXResourcesBuildPhase;
			buildActionMask = 2147483647;
			files = (
				10193D2B2C60A7A200BDC2A9 /* Assets.xcassets in Resources */,
				10193D2E2C60A7A200BDC2A9 /* Base in Resources */,
				10193D262C60A7A100BDC2A9 /* Base in Resources */,
			);
			runOnlyForDeploymentPostprocessing = 0;
		};
		10193D322C60A7A200BDC2A9 /* Resources */ = {
			isa = PBXResourcesBuildPhase;
			buildActionMask = 2147483647;
			files = (
			);
			runOnlyForDeploymentPostprocessing = 0;
		};
		10193D3C2C60A7A200BDC2A9 /* Resources */ = {
			isa = PBXResourcesBuildPhase;
			buildActionMask = 2147483647;
			files = (
			);
			runOnlyForDeploymentPostprocessing = 0;
		};
/* End PBXResourcesBuildPhase section */

/* Begin PBXSourcesBuildPhase section */
		10193D172C60A7A100BDC2A9 /* Sources */ = {
			isa = PBXSourcesBuildPhase;
			buildActionMask = 2147483647;
			files = (
				10193D292C60A7A100BDC2A9 /* BaseApp.xcdatamodeld in Sources */,
				10193D232C60A7A100BDC2A9 /* ViewController.swift in Sources */,
				10193D1F2C60A7A100BDC2A9 /* AppDelegate.swift in Sources */,
				10193D212C60A7A100BDC2A9 /* SceneDelegate.swift in Sources */,
			);
			runOnlyForDeploymentPostprocessing = 0;
		};
		10193D302C60A7A200BDC2A9 /* Sources */ = {
			isa = PBXSourcesBuildPhase;
			buildActionMask = 2147483647;
			files = (
				10193D392C60A7A200BDC2A9 /* BaseAppTests.swift in Sources */,
			);
			runOnlyForDeploymentPostprocessing = 0;
		};
		10193D3A2C60A7A200BDC2A9 /* Sources */ = {
			isa = PBXSourcesBuildPhase;
			buildActionMask = 2147483647;
			files = (
				10193D432C60A7A200BDC2A9 /* BaseAppUITests.swift in Sources */,
				10193D452C60A7A200BDC2A9 /* BaseAppUITestsLaunchTests.swift in Sources */,
			);
			runOnlyForDeploymentPostprocessing = 0;
		};
/* End PBXSourcesBuildPhase section */

/* Begin PBXTargetDependency section */
		10193D362C60A7A200BDC2A9 /* PBXTargetDependency */ = {
			isa = PBXTargetDependency;
			target = 10193D1A2C60A7A100BDC2A9 /* BaseApp */;
			targetProxy = 10193D352C60A7A200BDC2A9 /* PBXContainerItemProxy */;
		};
		10193D402C60A7A200BDC2A9 /* PBXTargetDependency */ = {
			isa = PBXTargetDependency;
			target = 10193D1A2C60A7A100BDC2A9 /* BaseApp */;
			targetProxy = 10193D3F2C60A7A200BDC2A9 /* PBXContainerItemProxy */;
		};
/* End PBXTargetDependency section */

/* Begin PBXVariantGroup section */
		10193D242C60A7A100BDC2A9 /* Main.storyboard */ = {
			isa = PBXVariantGroup;
			children = (
				10193D252C60A7A100BDC2A9 /* Base */,
			);
			name = Main.storyboard;
			sourceTree = "<group>";
		};
		10193D2C2C60A7A200BDC2A9 /* LaunchScreen.storyboard */ = {
			isa = PBXVariantGroup;
			children = (
				10193D2D2C60A7A200BDC2A9 /* Base */,
			);
			name = LaunchScreen.storyboard;
			sourceTree = "<group>";
		};
/* End PBXVariantGroup section */

/* Begin XCBuildConfiguration section */
		10193D462C60A7A200BDC2A9 /* Debug */ = {
			isa = XCBuildConfiguration;
			buildSettings = {
				ALWAYS_SEARCH_USER_PATHS = NO;
				ASSETCATALOG_COMPILER_GENERATE_SWIFT_ASSET_SYMBOL_EXTENSIONS = YES;
				CLANG_ANALYZER_NONNULL = YES;
				CLANG_ANALYZER_NUMBER_OBJECT_CONVERSION = YES_AGGRESSIVE;
				CLANG_CXX_LANGUAGE_STANDARD = "gnu++20";
				CLANG_ENABLE_MODULES = YES;
				CLANG_ENABLE_OBJC_ARC = YES;
				CLANG_ENABLE_OBJC_WEAK = YES;
				CLANG_WARN_BLOCK_CAPTURE_AUTORELEASING = YES;
				CLANG_WARN_BOOL_CONVERSION = YES;
				CLANG_WARN_COMMA = YES;
				CLANG_WARN_CONSTANT_CONVERSION = YES;
				CLANG_WARN_DEPRECATED_OBJC_IMPLEMENTATIONS = YES;
				CLANG_WARN_DIRECT_OBJC_ISA_USAGE = YES_ERROR;
				CLANG_WARN_DOCUMENTATION_COMMENTS = YES;
				CLANG_WARN_EMPTY_BODY = YES;
				CLANG_WARN_ENUM_CONVERSION = YES;
				CLANG_WARN_INFINITE_RECURSION = YES;
				CLANG_WARN_INT_CONVERSION = YES;
				CLANG_WARN_NON_LITERAL_NULL_CONVERSION = YES;
				CLANG_WARN_OBJC_IMPLICIT_RETAIN_SELF = YES;
				CLANG_WARN_OBJC_LITERAL_CONVERSION = YES;
				CLANG_WARN_OBJC_ROOT_CLASS = YES_ERROR;
				CLANG_WARN_QUOTED_INCLUDE_IN_FRAMEWORK_HEADER = YES;
				CLANG_WARN_RANGE_LOOP_ANALYSIS = YES;
				CLANG_WARN_STRICT_PROTOTYPES = YES;
				CLANG_WARN_SUSPICIOUS_MOVE = YES;
				CLANG_WARN_UNGUARDED_AVAILABILITY = YES_AGGRESSIVE;
				CLANG_WARN_UNREACHABLE_CODE = YES;
				CLANG_WARN__DUPLICATE_METHOD_MATCH = YES;
				COPY_PHASE_STRIP = NO;
				DEBUG_INFORMATION_FORMAT = dwarf;
				ENABLE_STRICT_OBJC_MSGSEND = YES;
				ENABLE_TESTABILITY = YES;
				ENABLE_USER_SCRIPT_SANDBOXING = YES;
				GCC_C_LANGUAGE_STANDARD = gnu17;
				GCC_DYNAMIC_NO_PIC = NO;
				GCC_NO_COMMON_BLOCKS = YES;
				GCC_OPTIMIZATION_LEVEL = 0;
				GCC_PREPROCESSOR_DEFINITIONS = (
					"DEBUG=1",
					"$(inherited)",
				);
				GCC_WARN_64_TO_32_BIT_CONVERSION = YES;
				GCC_WARN_ABOUT_RETURN_TYPE = YES_ERROR;
				GCC_WARN_UNDECLARED_SELECTOR = YES;
				GCC_WARN_UNINITIALIZED_AUTOS = YES_AGGRESSIVE;
				GCC_WARN_UNUSED_FUNCTION = YES;
				GCC_WARN_UNUSED_VARIABLE = YES;
				IPHONEOS_DEPLOYMENT_TARGET = 17.5;
				LOCALIZATION_PREFERS_STRING_CATALOGS = YES;
				MTL_ENABLE_DEBUG_INFO = INCLUDE_SOURCE;
				MTL_FAST_MATH = YES;
				ONLY_ACTIVE_ARCH = YES;
				SDKROOT = iphoneos;
				SWIFT_ACTIVE_COMPILATION_CONDITIONS = "DEBUG $(inherited)";
				SWIFT_OPTIMIZATION_LEVEL = "-Onone";
			};
			name = Debug;
		};
		10193D472C60A7A200BDC2A9 /* Release */ = {
			isa = XCBuildConfiguration;
			buildSettings = {
				ALWAYS_SEARCH_USER_PATHS = NO;
				ASSETCATALOG_COMPILER_GENERATE_SWIFT_ASSET_SYMBOL_EXTENSIONS = YES;
				CLANG_ANALYZER_NONNULL = YES;
				CLANG_ANALYZER_NUMBER_OBJECT_CONVERSION = YES_AGGRESSIVE;
				CLANG_CXX_LANGUAGE_STANDARD = "gnu++20";
				CLANG_ENABLE_MODULES = YES;
				CLANG_ENABLE_OBJC_ARC = YES;
				CLANG_ENABLE_OBJC_WEAK = YES;
				CLANG_WARN_BLOCK_CAPTURE_AUTORELEASING = YES;
				CLANG_WARN_BOOL_CONVERSION = YES;
				CLANG_WARN_COMMA = YES;
				CLANG_WARN_CONSTANT_CONVERSION = YES;
				CLANG_WARN_DEPRECATED_OBJC_IMPLEMENTATIONS = YES;
				CLANG_WARN_DIRECT_OBJC_ISA_USAGE = YES_ERROR;
				CLANG_WARN_DOCUMENTATION_COMMENTS = YES;
				CLANG_WARN_EMPTY_BODY = YES;
				CLANG_WARN_ENUM_CONVERSION = YES;
				CLANG_WARN_INFINITE_RECURSION = YES;
				CLANG_WARN_INT_CONVERSION = YES;
				CLANG_WARN_NON_LITERAL_NULL_CONVERSION = YES;
				CLANG_WARN_OBJC_IMPLICIT_RETAIN_SELF = YES;
				CLANG_WARN_OBJC_LITERAL_CONVERSION = YES;
				CLANG_WARN_OBJC_ROOT_CLASS = YES_ERROR;
				CLANG_WARN_QUOTED_INCLUDE_IN_FRAMEWORK_HEADER = YES;
				CLANG_WARN_RANGE_LOOP_ANALYSIS = YES;
				CLANG_WARN_STRICT_PROTOTYPES = YES;
				CLANG_WARN_SUSPICIOUS_MOVE = YES;
				CLANG_WARN_UNGUARDED_AVAILABILITY = YES_AGGRESSIVE;
				CLANG_WARN_UNREACHABLE_CODE = YES;
				CLANG_WARN__DUPLICATE_METHOD_MATCH = YES;
				COPY_PHASE_STRIP = NO;
				DEBUG_INFORMATION_FORMAT = "dwarf-with-dsym";
				ENABLE_NS_ASSERTIONS = NO;
				ENABLE_STRICT_OBJC_MSGSEND = YES;
				ENABLE_USER_SCRIPT_SANDBOXING = YES;
				GCC_C_LANGUAGE_STANDARD = gnu17;
				GCC_NO_COMMON_BLOCKS = YES;
				GCC_WARN_64_TO_32_BIT_CONVERSION = YES;
				GCC_WARN_ABOUT_RETURN_TYPE = YES_ERROR;
				GCC_WARN_UNDECLARED_SELECTOR = YES;
				GCC_WARN_UNINITIALIZED_AUTOS = YES_AGGRESSIVE;
				GCC_WARN_UNUSED_FUNCTION = YES;
				GCC_WARN_UNUSED_VARIABLE = YES;
				IPHONEOS_DEPLOYMENT_TARGET = 17.5;
				LOCALIZATION_PREFERS_STRING_CATALOGS = YES;
				MTL_ENABLE_DEBUG_INFO = NO;
				MTL_FAST_MATH = YES;
				SDKROOT = iphoneos;
				SWIFT_COMPILATION_MODE = wholemodule;
				VALIDATE_PRODUCT = YES;
			};
			name = Release;
		};
		10193D492C60A7A200BDC2A9 /* Debug */ = {
			isa = XCBuildConfiguration;
			buildSettings = {
				ASSETCATALOG_COMPILER_APPICON_NAME = AppIcon;
				ASSETCATALOG_COMPILER_GLOBAL_ACCENT_COLOR_NAME = AccentColor;
				CODE_SIGN_STYLE = Automatic;
				CURRENT_PROJECT_VERSION = 1;
				DEVELOPMENT_TEAM = BP3K4T5GM3;
				GENERATE_INFOPLIST_FILE = YES;
				INFOPLIST_FILE = BaseApp/Info.plist;
				INFOPLIST_KEY_UIApplicationSupportsIndirectInputEvents = YES;
				INFOPLIST_KEY_UILaunchStoryboardName = LaunchScreen;
				INFOPLIST_KEY_UIMainStoryboardFile = Main;
				INFOPLIST_KEY_UISupportedInterfaceOrientations_iPad = "UIInterfaceOrientationPortrait UIInterfaceOrientationPortraitUpsideDown UIInterfaceOrientationLandscapeLeft UIInterfaceOrientationLandscapeRight";
				INFOPLIST_KEY_UISupportedInterfaceOrientations_iPhone = "UIInterfaceOrientationPortrait UIInterfaceOrientationLandscapeLeft UIInterfaceOrientationLandscapeRight";
				LD_RUNPATH_SEARCH_PATHS = (
					"$(inherited)",
					"@executable_path/Frameworks",
				);
				MARKETING_VERSION = 1.0;
				PRODUCT_BUNDLE_IDENTIFIER = com.test.base.BaseApp;
				PRODUCT_NAME = "$(TARGET_NAME)";
				SWIFT_EMIT_LOC_STRINGS = YES;
				SWIFT_VERSION = 5.0;
				TARGETED_DEVICE_FAMILY = "1,2";
			};
			name = Debug;
		};
		10193D4A2C60A7A200BDC2A9 /* Release */ = {
			isa = XCBuildConfiguration;
			buildSettings = {
				ASSETCATALOG_COMPILER_APPICON_NAME = AppIcon;
				ASSETCATALOG_COMPILER_GLOBAL_ACCENT_COLOR_NAME = AccentColor;
				CODE_SIGN_STYLE = Automatic;
				CURRENT_PROJECT_VERSION = 1;
				DEVELOPMENT_TEAM = BP3K4T5GM3;
				GENERATE_INFOPLIST_FILE = YES;
				INFOPLIST_FILE = BaseApp/Info.plist;
				INFOPLIST_KEY_UIApplicationSupportsIndirectInputEvents = YES;
				INFOPLIST_KEY_UILaunchStoryboardName = LaunchScreen;
				INFOPLIST_KEY_UIMainStoryboardFile = Main;
				INFOPLIST_KEY_UISupportedInterfaceOrientations_iPad = "UIInterfaceOrientationPortrait UIInterfaceOrientationPortraitUpsideDown UIInterfaceOrientationLandscapeLeft UIInterfaceOrientationLandscapeRight";
				INFOPLIST_KEY_UISupportedInterfaceOrientations_iPhone = "UIInterfaceOrientationPortrait UIInterfaceOrientationLandscapeLeft UIInterfaceOrientationLandscapeRight";
				LD_RUNPATH_SEARCH_PATHS = (
					"$(inherited)",
					"@executable_path/Frameworks",
				);
				MARKETING_VERSION = 1.0;
				PRODUCT_BUNDLE_IDENTIFIER = com.test.base.BaseApp;
				PRODUCT_NAME = "$(TARGET_NAME)";
				SWIFT_EMIT_LOC_STRINGS = YES;
				SWIFT_VERSION = 5.0;
				TARGETED_DEVICE_FAMILY = "1,2";
			};
			name = Release;
		};
		10193D4C2C60A7A200BDC2A9 /* Debug */ = {
			isa = XCBuildConfiguration;
			buildSettings = {
				ALWAYS_EMBED_SWIFT_STANDARD_LIBRARIES = YES;
				BUNDLE_LOADER = "$(TEST_HOST)";
				CODE_SIGN_STYLE = Automatic;
				CURRENT_PROJECT_VERSION = 1;
				DEVELOPMENT_TEAM = BP3K4T5GM3;
				GENERATE_INFOPLIST_FILE = YES;
				IPHONEOS_DEPLOYMENT_TARGET = 17.5;
				MARKETING_VERSION = 1.0;
				PRODUCT_BUNDLE_IDENTIFIER = com.test.base.BaseAppTests;
				PRODUCT_NAME = "$(TARGET_NAME)";
				SWIFT_EMIT_LOC_STRINGS = NO;
				SWIFT_VERSION = 5.0;
				TARGETED_DEVICE_FAMILY = "1,2";
				TEST_HOST = "$(BUILT_PRODUCTS_DIR)/BaseApp.app/$(BUNDLE_EXECUTABLE_FOLDER_PATH)/BaseApp";
			};
			name = Debug;
		};
		10193D4D2C60A7A200BDC2A9 /* Release */ = {
			isa = XCBuildConfiguration;
			buildSettings = {
				ALWAYS_EMBED_SWIFT_STANDARD_LIBRARIES = YES;
				BUNDLE_LOADER = "$(TEST_HOST)";
				CODE_SIGN_STYLE = Automatic;
				CURRENT_PROJECT_VERSION = 1;
				DEVELOPMENT_TEAM = BP3K4T5GM3;
				GENERATE_INFOPLIST_FILE = YES;
				IPHONEOS_DEPLOYMENT_TARGET = 17.5;
				MARKETING_VERSION = 1.0;
				PRODUCT_BUNDLE_IDENTIFIER = com.test.base.BaseAppTests;
				PRODUCT_NAME = "$(TARGET_NAME)";
				SWIFT_EMIT_LOC_STRINGS = NO;
				SWIFT_VERSION = 5.0;
				TARGETED_DEVICE_FAMILY = "1,2";
				TEST_HOST = "$(BUILT_PRODUCTS_DIR)/BaseApp.app/$(BUNDLE_EXECUTABLE_FOLDER_PATH)/BaseApp";
			};
			name = Release;
		};
		10193D4F2C60A7A200BDC2A9 /* Debug */ = {
			isa = XCBuildConfiguration;
			buildSettings = {
				ALWAYS_EMBED_SWIFT_STANDARD_LIBRARIES = YES;
				CODE_SIGN_STYLE = Automatic;
				CURRENT_PROJECT_VERSION = 1;
				DEVELOPMENT_TEAM = BP3K4T5GM3;
				GENERATE_INFOPLIST_FILE = YES;
				MARKETING_VERSION = 1.0;
				PRODUCT_BUNDLE_IDENTIFIER = com.test.base.BaseAppUITests;
				PRODUCT_NAME = "$(TARGET_NAME)";
				SWIFT_EMIT_LOC_STRINGS = NO;
				SWIFT_VERSION = 5.0;
				TARGETED_DEVICE_FAMILY = "1,2";
				TEST_TARGET_NAME = BaseApp;
			};
			name = Debug;
		};
		10193D502C60A7A200BDC2A9 /* Release */ = {
			isa = XCBuildConfiguration;
			buildSettings = {
				ALWAYS_EMBED_SWIFT_STANDARD_LIBRARIES = YES;
				CODE_SIGN_STYLE = Automatic;
				CURRENT_PROJECT_VERSION = 1;
				DEVELOPMENT_TEAM = BP3K4T5GM3;
				GENERATE_INFOPLIST_FILE = YES;
				MARKETING_VERSION = 1.0;
				PRODUCT_BUNDLE_IDENTIFIER = com.test.base.BaseAppUITests;
				PRODUCT_NAME = "$(TARGET_NAME)";
				SWIFT_EMIT_LOC_STRINGS = NO;
				SWIFT_VERSION = 5.0;
				TARGETED_DEVICE_FAMILY = "1,2";
				TEST_TARGET_NAME = BaseApp;
			};
			name = Release;
		};
/* End XCBuildConfiguration section */

/* Begin XCConfigurationList section */
		10193D162C60A7A100BDC2A9 /* Build configuration list for PBXProject "BaseApp" */ = {
			isa = XCConfigurationList;
			buildConfigurations = (
				10193D462C60A7A200BDC2A9 /* Debug */,
				10193D472C60A7A200BDC2A9 /* Release */,
			);
			defaultConfigurationIsVisible = 0;
			defaultConfigurationName = Release;
		};
		10193D482C60A7A200BDC2A9 /* Build configuration list for PBXNativeTarget "BaseApp" */ = {
			isa = XCConfigurationList;
			buildConfigurations = (
				10193D492C60A7A200BDC2A9 /* Debug */,
				10193D4A2C60A7A200BDC2A9 /* Release */,
			);
			defaultConfigurationIsVisible = 0;
			defaultConfigurationName = Release;
		};
		10193D4B2C60A7A200BDC2A9 /* Build configuration list for PBXNativeTarget "BaseAppTests" */ = {
			isa = XCConfigurationList;
			buildConfigurations = (
				10193D4C2C60A7A200BDC2A9 /* Debug */,
				10193D4D2C60A7A200BDC2A9 /* Release */,
			);
			defaultConfigurationIsVisible = 0;
			defaultConfigurationName = Release;
		};
		10193D4E2C60A7A200BDC2A9 /* Build configuration list for PBXNativeTarget "BaseAppUITests" */ = {
			isa = XCConfigurationList;
			buildConfigurations = (
				10193D4F2C60A7A200BDC2A9 /* Debug */,
				10193D502C60A7A200BDC2A9 /* Release */,
			);
			defaultConfigurationIsVisible = 0;
			defaultConfigurationName = Release;
		};
/* End XCConfigurationList section */

/* Begin XCVersionGroup section */
		10193D272C60A7A100BDC2A9 /* BaseApp.xcdatamodeld */ = {
			isa = XCVersionGroup;
			children = (
				10193D282C60A7A100BDC2A9 /* BaseApp.xcdatamodel */,
			);
			currentVersion = 10193D282C60A7A100BDC2A9 /* BaseApp.xcdatamodel */;
			path = BaseApp.xcdatamodeld;
			sourceTree = "<group>";
			versionGroupType = wrapper.xcdatamodel;
		};
/* End XCVersionGroup section */
	};
	rootObject = 10193D132C60A7A100BDC2A9 /* Project object */;
}
