// !$*UTF8*$!
{
	archiveVersion = 1;
	classes = {
	};
	objectVersion = 56;
	objects = {

/* Begin PBXBuildFile section */
		1011C7062A5E40C700309F08 /* DetailEdit.swift in Sources */ = {isa = PBXBuildFile; fileRef = 1011C7052A5E40C700309F08 /* DetailEdit.swift */; };
		1011C7082A5E635600309F08 /* ThemeView.swift in Sources */ = {isa = PBXBuildFile; fileRef = 1011C7072A5E635600309F08 /* ThemeView.swift */; };
		1011C70A2A5E647C00309F08 /* ThemePicker.swift in Sources */ = {isa = PBXBuildFile; fileRef = 1011C7092A5E647C00309F08 /* ThemePicker.swift */; };
		108186262A61110500EDF370 /* MeetingHeaderView.swift in Sources */ = {isa = PBXBuildFile; fileRef = 108186252A61110500EDF370 /* MeetingHeaderView.swift */; };
		10EFBC222A57FC930001F2C9 /* scrumdingApp.swift in Sources */ = {isa = PBXBuildFile; fileRef = 10EFBC212A57FC930001F2C9 /* scrumdingApp.swift */; };
		10EFBC242A57FC930001F2C9 /* ContentView.swift in Sources */ = {isa = PBXBuildFile; fileRef = 10EFBC232A57FC930001F2C9 /* ContentView.swift */; };
		10EFBC262A57FC940001F2C9 /* Assets.xcassets in Resources */ = {isa = PBXBuildFile; fileRef = 10EFBC252A57FC940001F2C9 /* Assets.xcassets */; };
		10EFBC292A57FC940001F2C9 /* Preview Assets.xcassets in Resources */ = {isa = PBXBuildFile; fileRef = 10EFBC282A57FC940001F2C9 /* Preview Assets.xcassets */; };
		10F0068A2A61178E00C1D756 /* ScrumProgressViewStyle.swift in Sources */ = {isa = PBXBuildFile; fileRef = 10F006892A61178E00C1D756 /* ScrumProgressViewStyle.swift */; };
		10F0068C2A61195A00C1D756 /* ScrumTimer.swift in Sources */ = {isa = PBXBuildFile; fileRef = 10F0068B2A61195A00C1D756 /* ScrumTimer.swift */; };
		10F0068E2A61196100C1D756 /* AVPlayer+Ding.swift in Sources */ = {isa = PBXBuildFile; fileRef = 10F0068D2A61196100C1D756 /* AVPlayer+Ding.swift */; };
		10F20B832A5CE5940052A76B /* Theme.swift in Sources */ = {isa = PBXBuildFile; fileRef = 10F20B822A5CE5940052A76B /* Theme.swift */; };
		10F20B852A5CE93E0052A76B /* Daily.swift in Sources */ = {isa = PBXBuildFile; fileRef = 10F20B842A5CE93E0052A76B /* Daily.swift */; };
		10F20B872A5CEADA0052A76B /* CardView.swift in Sources */ = {isa = PBXBuildFile; fileRef = 10F20B862A5CEADA0052A76B /* CardView.swift */; };
		10F20B892A5D170C0052A76B /* TrailingIconLabelStyle.swift in Sources */ = {isa = PBXBuildFile; fileRef = 10F20B882A5D170C0052A76B /* TrailingIconLabelStyle.swift */; };
		10F20B8B2A5D2EE50052A76B /* ScrumsView.swift in Sources */ = {isa = PBXBuildFile; fileRef = 10F20B8A2A5D2EE50052A76B /* ScrumsView.swift */; };
		10F20B8E2A5D423F0052A76B /* DetailView.swift in Sources */ = {isa = PBXBuildFile; fileRef = 10F20B8D2A5D423F0052A76B /* DetailView.swift */; };
/* End PBXBuildFile section */

/* Begin PBXFileReference section */
		1011C7052A5E40C700309F08 /* DetailEdit.swift */ = {isa = PBXFileReference; lastKnownFileType = sourcecode.swift; path = DetailEdit.swift; sourceTree = "<group>"; };
		1011C7072A5E635600309F08 /* ThemeView.swift */ = {isa = PBXFileReference; lastKnownFileType = sourcecode.swift; path = ThemeView.swift; sourceTree = "<group>"; };
		1011C7092A5E647C00309F08 /* ThemePicker.swift */ = {isa = PBXFileReference; lastKnownFileType = sourcecode.swift; path = ThemePicker.swift; sourceTree = "<group>"; };
		108186252A61110500EDF370 /* MeetingHeaderView.swift */ = {isa = PBXFileReference; lastKnownFileType = sourcecode.swift; path = MeetingHeaderView.swift; sourceTree = "<group>"; };
		10EFBC1E2A57FC930001F2C9 /* scrumding.app */ = {isa = PBXFileReference; explicitFileType = wrapper.application; includeInIndex = 0; path = scrumding.app; sourceTree = BUILT_PRODUCTS_DIR; };
		10EFBC212A57FC930001F2C9 /* scrumdingApp.swift */ = {isa = PBXFileReference; lastKnownFileType = sourcecode.swift; path = scrumdingApp.swift; sourceTree = "<group>"; };
		10EFBC232A57FC930001F2C9 /* ContentView.swift */ = {isa = PBXFileReference; lastKnownFileType = sourcecode.swift; path = ContentView.swift; sourceTree = "<group>"; };
		10EFBC252A57FC940001F2C9 /* Assets.xcassets */ = {isa = PBXFileReference; lastKnownFileType = folder.assetcatalog; path = Assets.xcassets; sourceTree = "<group>"; };
		10EFBC282A57FC940001F2C9 /* Preview Assets.xcassets */ = {isa = PBXFileReference; lastKnownFileType = folder.assetcatalog; path = "Preview Assets.xcassets"; sourceTree = "<group>"; };
		10F006892A61178E00C1D756 /* ScrumProgressViewStyle.swift */ = {isa = PBXFileReference; fileEncoding = 4; lastKnownFileType = sourcecode.swift; path = ScrumProgressViewStyle.swift; sourceTree = "<group>"; };
		10F0068B2A61195A00C1D756 /* ScrumTimer.swift */ = {isa = PBXFileReference; fileEncoding = 4; lastKnownFileType = sourcecode.swift; path = ScrumTimer.swift; sourceTree = "<group>"; };
		10F0068D2A61196100C1D756 /* AVPlayer+Ding.swift */ = {isa = PBXFileReference; fileEncoding = 4; lastKnownFileType = sourcecode.swift; path = "AVPlayer+Ding.swift"; sourceTree = "<group>"; };
		10F20B822A5CE5940052A76B /* Theme.swift */ = {isa = PBXFileReference; lastKnownFileType = sourcecode.swift; path = Theme.swift; sourceTree = "<group>"; };
		10F20B842A5CE93E0052A76B /* Daily.swift */ = {isa = PBXFileReference; lastKnownFileType = sourcecode.swift; path = Daily.swift; sourceTree = "<group>"; };
		10F20B862A5CEADA0052A76B /* CardView.swift */ = {isa = PBXFileReference; lastKnownFileType = sourcecode.swift; path = CardView.swift; sourceTree = "<group>"; };
		10F20B882A5D170C0052A76B /* TrailingIconLabelStyle.swift */ = {isa = PBXFileReference; lastKnownFileType = sourcecode.swift; path = TrailingIconLabelStyle.swift; sourceTree = "<group>"; };
		10F20B8A2A5D2EE50052A76B /* ScrumsView.swift */ = {isa = PBXFileReference; lastKnownFileType = sourcecode.swift; path = ScrumsView.swift; sourceTree = "<group>"; };
		10F20B8D2A5D423F0052A76B /* DetailView.swift */ = {isa = PBXFileReference; lastKnownFileType = sourcecode.swift; path = DetailView.swift; sourceTree = "<group>"; };
/* End PBXFileReference section */

/* Begin PBXFrameworksBuildPhase section */
		10EFBC1B2A57FC930001F2C9 /* Frameworks */ = {
			isa = PBXFrameworksBuildPhase;
			buildActionMask = 2147483647;
			files = (
			);
			runOnlyForDeploymentPostprocessing = 0;
		};
/* End PBXFrameworksBuildPhase section */

/* Begin PBXGroup section */
		10EFBC152A57FC930001F2C9 = {
			isa = PBXGroup;
			children = (
				10EFBC202A57FC930001F2C9 /* scrumding */,
				10EFBC1F2A57FC930001F2C9 /* Products */,
			);
			sourceTree = "<group>";
		};
		10EFBC1F2A57FC930001F2C9 /* Products */ = {
			isa = PBXGroup;
			children = (
				10EFBC1E2A57FC930001F2C9 /* scrumding.app */,
			);
			name = Products;
			sourceTree = "<group>";
		};
		10EFBC202A57FC930001F2C9 /* scrumding */ = {
			isa = PBXGroup;
			children = (
				10F20B8C2A5D37BB0052A76B /* Views */,
				10F20B812A5CE5740052A76B /* Models */,
				10EFBC212A57FC930001F2C9 /* scrumdingApp.swift */,
				10EFBC252A57FC940001F2C9 /* Assets.xcassets */,
				10EFBC272A57FC940001F2C9 /* Preview Content */,
			);
			path = scrumding;
			sourceTree = "<group>";
		};
		10EFBC272A57FC940001F2C9 /* Preview Content */ = {
			isa = PBXGroup;
			children = (
				10EFBC282A57FC940001F2C9 /* Preview Assets.xcassets */,
			);
			path = "Preview Content";
			sourceTree = "<group>";
		};
		10F20B812A5CE5740052A76B /* Models */ = {
			isa = PBXGroup;
			children = (
				10F0068D2A61196100C1D756 /* AVPlayer+Ding.swift */,
				10F0068B2A61195A00C1D756 /* ScrumTimer.swift */,
				10F20B822A5CE5940052A76B /* Theme.swift */,
				10F20B842A5CE93E0052A76B /* Daily.swift */,
			);
			path = Models;
			sourceTree = "<group>";
		};
		10F20B8C2A5D37BB0052A76B /* Views */ = {
			isa = PBXGroup;
			children = (
				10F006892A61178E00C1D756 /* ScrumProgressViewStyle.swift */,
				10F20B882A5D170C0052A76B /* TrailingIconLabelStyle.swift */,
				10EFBC232A57FC930001F2C9 /* ContentView.swift */,
				10F20B862A5CEADA0052A76B /* CardView.swift */,
				10F20B8A2A5D2EE50052A76B /* ScrumsView.swift */,
				10F20B8D2A5D423F0052A76B /* DetailView.swift */,
				1011C7052A5E40C700309F08 /* DetailEdit.swift */,
				1011C7072A5E635600309F08 /* ThemeView.swift */,
				1011C7092A5E647C00309F08 /* ThemePicker.swift */,
				108186252A61110500EDF370 /* MeetingHeaderView.swift */,
			);
			path = Views;
			sourceTree = "<group>";
		};
/* End PBXGroup section */

/* Begin PBXNativeTarget section */
		10EFBC1D2A57FC930001F2C9 /* scrumding */ = {
			isa = PBXNativeTarget;
			buildConfigurationList = 10EFBC2C2A57FC940001F2C9 /* Build configuration list for PBXNativeTarget "scrumding" */;
			buildPhases = (
				10EFBC1A2A57FC930001F2C9 /* Sources */,
				10EFBC1B2A57FC930001F2C9 /* Frameworks */,
				10EFBC1C2A57FC930001F2C9 /* Resources */,
			);
			buildRules = (
			);
			dependencies = (
			);
			name = scrumding;
			productName = scrumding;
			productReference = 10EFBC1E2A57FC930001F2C9 /* scrumding.app */;
			productType = "com.apple.product-type.application";
		};
/* End PBXNativeTarget section */

/* Begin PBXProject section */
		10EFBC162A57FC930001F2C9 /* Project object */ = {
			isa = PBXProject;
			attributes = {
				BuildIndependentTargetsInParallel = 1;
				LastSwiftUpdateCheck = 1430;
				LastUpgradeCheck = 1430;
				TargetAttributes = {
					10EFBC1D2A57FC930001F2C9 = {
						CreatedOnToolsVersion = 14.3.1;
					};
				};
			};
			buildConfigurationList = 10EFBC192A57FC930001F2C9 /* Build configuration list for PBXProject "scrumding" */;
			compatibilityVersion = "Xcode 14.0";
			developmentRegion = en;
			hasScannedForEncodings = 0;
			knownRegions = (
				en,
				Base,
			);
			mainGroup = 10EFBC152A57FC930001F2C9;
			productRefGroup = 10EFBC1F2A57FC930001F2C9 /* Products */;
			projectDirPath = "";
			projectRoot = "";
			targets = (
				10EFBC1D2A57FC930001F2C9 /* scrumding */,
			);
		};
/* End PBXProject section */

/* Begin PBXResourcesBuildPhase section */
		10EFBC1C2A57FC930001F2C9 /* Resources */ = {
			isa = PBXResourcesBuildPhase;
			buildActionMask = 2147483647;
			files = (
				10EFBC292A57FC940001F2C9 /* Preview Assets.xcassets in Resources */,
				10EFBC262A57FC940001F2C9 /* Assets.xcassets in Resources */,
			);
			runOnlyForDeploymentPostprocessing = 0;
		};
/* End PBXResourcesBuildPhase section */

/* Begin PBXSourcesBuildPhase section */
		10EFBC1A2A57FC930001F2C9 /* Sources */ = {
			isa = PBXSourcesBuildPhase;
			buildActionMask = 2147483647;
			files = (
				1011C70A2A5E647C00309F08 /* ThemePicker.swift in Sources */,
				10F0068A2A61178E00C1D756 /* ScrumProgressViewStyle.swift in Sources */,
				10F0068C2A61195A00C1D756 /* ScrumTimer.swift in Sources */,
				10F20B832A5CE5940052A76B /* Theme.swift in Sources */,
				10F0068E2A61196100C1D756 /* AVPlayer+Ding.swift in Sources */,
				1011C7062A5E40C700309F08 /* DetailEdit.swift in Sources */,
				108186262A61110500EDF370 /* MeetingHeaderView.swift in Sources */,
				10F20B8E2A5D423F0052A76B /* DetailView.swift in Sources */,
				10F20B892A5D170C0052A76B /* TrailingIconLabelStyle.swift in Sources */,
				10F20B852A5CE93E0052A76B /* Daily.swift in Sources */,
				10F20B8B2A5D2EE50052A76B /* ScrumsView.swift in Sources */,
				10EFBC242A57FC930001F2C9 /* ContentView.swift in Sources */,
				10EFBC222A57FC930001F2C9 /* scrumdingApp.swift in Sources */,
				1011C7082A5E635600309F08 /* ThemeView.swift in Sources */,
				10F20B872A5CEADA0052A76B /* CardView.swift in Sources */,
			);
			runOnlyForDeploymentPostprocessing = 0;
		};
/* End PBXSourcesBuildPhase section */

/* Begin XCBuildConfiguration section */
		10EFBC2A2A57FC940001F2C9 /* Debug */ = {
			isa = XCBuildConfiguration;
			buildSettings = {
				ALWAYS_SEARCH_USER_PATHS = NO;
				CLANG_ANALYZER_NONNULL = YES;
				CLANG_ANALYZER_NUMBER_OBJECT_CONVERSION = YES_AGGRESSIVE;
				CLANG_CXX_LANGUAGE_STANDARD = "gnu++20";
				CLANG_ENABLE_MODULES = YES;
				CLANG_ENABLE_OBJC_ARC = YES;
				CLANG_ENABLE_OBJC_WEAK = YES;
				CLANG_WARN_BLOCK_CAPTURE_AUTORELEASING = YES;
				CLANG_WARN_BOOL_CONVERSION = YES;
				CLANG_WARN_COMMA = YES;
				CLANG_WARN_CONSTANT_CONVERSION = YES;
				CLANG_WARN_DEPRECATED_OBJC_IMPLEMENTATIONS = YES;
				CLANG_WARN_DIRECT_OBJC_ISA_USAGE = YES_ERROR;
				CLANG_WARN_DOCUMENTATION_COMMENTS = YES;
				CLANG_WARN_EMPTY_BODY = YES;
				CLANG_WARN_ENUM_CONVERSION = YES;
				CLANG_WARN_INFINITE_RECURSION = YES;
				CLANG_WARN_INT_CONVERSION = YES;
				CLANG_WARN_NON_LITERAL_NULL_CONVERSION = YES;
				CLANG_WARN_OBJC_IMPLICIT_RETAIN_SELF = YES;
				CLANG_WARN_OBJC_LITERAL_CONVERSION = YES;
				CLANG_WARN_OBJC_ROOT_CLASS = YES_ERROR;
				CLANG_WARN_QUOTED_INCLUDE_IN_FRAMEWORK_HEADER = YES;
				CLANG_WARN_RANGE_LOOP_ANALYSIS = YES;
				CLANG_WARN_STRICT_PROTOTYPES = YES;
				CLANG_WARN_SUSPICIOUS_MOVE = YES;
				CLANG_WARN_UNGUARDED_AVAILABILITY = YES_AGGRESSIVE;
				CLANG_WARN_UNREACHABLE_CODE = YES;
				CLANG_WARN__DUPLICATE_METHOD_MATCH = YES;
				COPY_PHASE_STRIP = NO;
				DEBUG_INFORMATION_FORMAT = dwarf;
				ENABLE_STRICT_OBJC_MSGSEND = YES;
				ENABLE_TESTABILITY = YES;
				GCC_C_LANGUAGE_STANDARD = gnu11;
				GCC_DYNAMIC_NO_PIC = NO;
				GCC_NO_COMMON_BLOCKS = YES;
				GCC_OPTIMIZATION_LEVEL = 0;
				GCC_PREPROCESSOR_DEFINITIONS = (
					"DEBUG=1",
					"$(inherited)",
				);
				GCC_WARN_64_TO_32_BIT_CONVERSION = YES;
				GCC_WARN_ABOUT_RETURN_TYPE = YES_ERROR;
				GCC_WARN_UNDECLARED_SELECTOR = YES;
				GCC_WARN_UNINITIALIZED_AUTOS = YES_AGGRESSIVE;
				GCC_WARN_UNUSED_FUNCTION = YES;
				GCC_WARN_UNUSED_VARIABLE = YES;
				IPHONEOS_DEPLOYMENT_TARGET = 16.4;
				MTL_ENABLE_DEBUG_INFO = INCLUDE_SOURCE;
				MTL_FAST_MATH = YES;
				ONLY_ACTIVE_ARCH = YES;
				SDKROOT = iphoneos;
				SWIFT_ACTIVE_COMPILATION_CONDITIONS = DEBUG;
				SWIFT_OPTIMIZATION_LEVEL = "-Onone";
			};
			name = Debug;
		};
		10EFBC2B2A57FC940001F2C9 /* Release */ = {
			isa = XCBuildConfiguration;
			buildSettings = {
				ALWAYS_SEARCH_USER_PATHS = NO;
				CLANG_ANALYZER_NONNULL = YES;
				CLANG_ANALYZER_NUMBER_OBJECT_CONVERSION = YES_AGGRESSIVE;
				CLANG_CXX_LANGUAGE_STANDARD = "gnu++20";
				CLANG_ENABLE_MODULES = YES;
				CLANG_ENABLE_OBJC_ARC = YES;
				CLANG_ENABLE_OBJC_WEAK = YES;
				CLANG_WARN_BLOCK_CAPTURE_AUTORELEASING = YES;
				CLANG_WARN_BOOL_CONVERSION = YES;
				CLANG_WARN_COMMA = YES;
				CLANG_WARN_CONSTANT_CONVERSION = YES;
				CLANG_WARN_DEPRECATED_OBJC_IMPLEMENTATIONS = YES;
				CLANG_WARN_DIRECT_OBJC_ISA_USAGE = YES_ERROR;
				CLANG_WARN_DOCUMENTATION_COMMENTS = YES;
				CLANG_WARN_EMPTY_BODY = YES;
				CLANG_WARN_ENUM_CONVERSION = YES;
				CLANG_WARN_INFINITE_RECURSION = YES;
				CLANG_WARN_INT_CONVERSION = YES;
				CLANG_WARN_NON_LITERAL_NULL_CONVERSION = YES;
				CLANG_WARN_OBJC_IMPLICIT_RETAIN_SELF = YES;
				CLANG_WARN_OBJC_LITERAL_CONVERSION = YES;
				CLANG_WARN_OBJC_ROOT_CLASS = YES_ERROR;
				CLANG_WARN_QUOTED_INCLUDE_IN_FRAMEWORK_HEADER = YES;
				CLANG_WARN_RANGE_LOOP_ANALYSIS = YES;
				CLANG_WARN_STRICT_PROTOTYPES = YES;
				CLANG_WARN_SUSPICIOUS_MOVE = YES;
				CLANG_WARN_UNGUARDED_AVAILABILITY = YES_AGGRESSIVE;
				CLANG_WARN_UNREACHABLE_CODE = YES;
				CLANG_WARN__DUPLICATE_METHOD_MATCH = YES;
				COPY_PHASE_STRIP = NO;
				DEBUG_INFORMATION_FORMAT = "dwarf-with-dsym";
				ENABLE_NS_ASSERTIONS = NO;
				ENABLE_STRICT_OBJC_MSGSEND = YES;
				GCC_C_LANGUAGE_STANDARD = gnu11;
				GCC_NO_COMMON_BLOCKS = YES;
				GCC_WARN_64_TO_32_BIT_CONVERSION = YES;
				GCC_WARN_ABOUT_RETURN_TYPE = YES_ERROR;
				GCC_WARN_UNDECLARED_SELECTOR = YES;
				GCC_WARN_UNINITIALIZED_AUTOS = YES_AGGRESSIVE;
				GCC_WARN_UNUSED_FUNCTION = YES;
				GCC_WARN_UNUSED_VARIABLE = YES;
				IPHONEOS_DEPLOYMENT_TARGET = 16.4;
				MTL_ENABLE_DEBUG_INFO = NO;
				MTL_FAST_MATH = YES;
				SDKROOT = iphoneos;
				SWIFT_COMPILATION_MODE = wholemodule;
				SWIFT_OPTIMIZATION_LEVEL = "-O";
				VALIDATE_PRODUCT = YES;
			};
			name = Release;
		};
		10EFBC2D2A57FC940001F2C9 /* Debug */ = {
			isa = XCBuildConfiguration;
			buildSettings = {
				ASSETCATALOG_COMPILER_APPICON_NAME = AppIcon;
				ASSETCATALOG_COMPILER_GLOBAL_ACCENT_COLOR_NAME = AccentColor;
				CODE_SIGN_STYLE = Automatic;
				CURRENT_PROJECT_VERSION = 1;
				DEVELOPMENT_ASSET_PATHS = "\"scrumding/Preview Content\"";
				ENABLE_PREVIEWS = YES;
				GENERATE_INFOPLIST_FILE = YES;
				INFOPLIST_KEY_UIApplicationSceneManifest_Generation = YES;
				INFOPLIST_KEY_UIApplicationSupportsIndirectInputEvents = YES;
				INFOPLIST_KEY_UILaunchScreen_Generation = YES;
				INFOPLIST_KEY_UISupportedInterfaceOrientations_iPad = "UIInterfaceOrientationPortrait UIInterfaceOrientationPortraitUpsideDown UIInterfaceOrientationLandscapeLeft UIInterfaceOrientationLandscapeRight";
				INFOPLIST_KEY_UISupportedInterfaceOrientations_iPhone = "UIInterfaceOrientationPortrait UIInterfaceOrientationLandscapeLeft UIInterfaceOrientationLandscapeRight";
				LD_RUNPATH_SEARCH_PATHS = (
					"$(inherited)",
					"@executable_path/Frameworks",
				);
				MARKETING_VERSION = 1.0;
				PRODUCT_BUNDLE_IDENTIFIER = com.example.scrumding;
				PRODUCT_NAME = "$(TARGET_NAME)";
				SWIFT_EMIT_LOC_STRINGS = YES;
				SWIFT_VERSION = 5.0;
				TARGETED_DEVICE_FAMILY = "1,2";
			};
			name = Debug;
		};
		10EFBC2E2A57FC940001F2C9 /* Release */ = {
			isa = XCBuildConfiguration;
			buildSettings = {
				ASSETCATALOG_COMPILER_APPICON_NAME = AppIcon;
				ASSETCATALOG_COMPILER_GLOBAL_ACCENT_COLOR_NAME = AccentColor;
				CODE_SIGN_STYLE = Automatic;
				CURRENT_PROJECT_VERSION = 1;
				DEVELOPMENT_ASSET_PATHS = "\"scrumding/Preview Content\"";
				ENABLE_PREVIEWS = YES;
				GENERATE_INFOPLIST_FILE = YES;
				INFOPLIST_KEY_UIApplicationSceneManifest_Generation = YES;
				INFOPLIST_KEY_UIApplicationSupportsIndirectInputEvents = YES;
				INFOPLIST_KEY_UILaunchScreen_Generation = YES;
				INFOPLIST_KEY_UISupportedInterfaceOrientations_iPad = "UIInterfaceOrientationPortrait UIInterfaceOrientationPortraitUpsideDown UIInterfaceOrientationLandscapeLeft UIInterfaceOrientationLandscapeRight";
				INFOPLIST_KEY_UISupportedInterfaceOrientations_iPhone = "UIInterfaceOrientationPortrait UIInterfaceOrientationLandscapeLeft UIInterfaceOrientationLandscapeRight";
				LD_RUNPATH_SEARCH_PATHS = (
					"$(inherited)",
					"@executable_path/Frameworks",
				);
				MARKETING_VERSION = 1.0;
				PRODUCT_BUNDLE_IDENTIFIER = com.example.scrumding;
				PRODUCT_NAME = "$(TARGET_NAME)";
				SWIFT_EMIT_LOC_STRINGS = YES;
				SWIFT_VERSION = 5.0;
				TARGETED_DEVICE_FAMILY = "1,2";
			};
			name = Release;
		};
/* End XCBuildConfiguration section */

/* Begin XCConfigurationList section */
		10EFBC192A57FC930001F2C9 /* Build configuration list for PBXProject "scrumding" */ = {
			isa = XCConfigurationList;
			buildConfigurations = (
				10EFBC2A2A57FC940001F2C9 /* Debug */,
				10EFBC2B2A57FC940001F2C9 /* Release */,
			);
			defaultConfigurationIsVisible = 0;
			defaultConfigurationName = Release;
		};
		10EFBC2C2A57FC940001F2C9 /* Build configuration list for PBXNativeTarget "scrumding" */ = {
			isa = XCConfigurationList;
			buildConfigurations = (
				10EFBC2D2A57FC940001F2C9 /* Debug */,
				10EFBC2E2A57FC940001F2C9 /* Release */,
			);
			defaultConfigurationIsVisible = 0;
			defaultConfigurationName = Release;
		};
/* End XCConfigurationList section */
	};
	rootObject = 10EFBC162A57FC930001F2C9 /* Project object */;
}
