// !$*UTF8*$!
{
	archiveVersion = 1;
	classes = {
	};
	objectVersion = 56;
	objects = {

/* Begin PBXBuildFile section */
		106F51772A00AB0B00971E65 /* AppDelegate.swift in Sources */ = {isa = PBXBuildFile; fileRef = 106F51762A00AB0B00971E65 /* AppDelegate.swift */; };
		106F51792A00AB0B00971E65 /* SceneDelegate.swift in Sources */ = {isa = PBXBuildFile; fileRef = 106F51782A00AB0B00971E65 /* SceneDelegate.swift */; };
		106F517B2A00AB0B00971E65 /* ViewController.swift in Sources */ = {isa = PBXBuildFile; fileRef = 106F517A2A00AB0B00971E65 /* ViewController.swift */; };
		106F517E2A00AB0B00971E65 /* Main.storyboard in Resources */ = {isa = PBXBuildFile; fileRef = 106F517C2A00AB0B00971E65 /* Main.storyboard */; };
		106F51802A00AB0C00971E65 /* Assets.xcassets in Resources */ = {isa = PBXBuildFile; fileRef = 106F517F2A00AB0C00971E65 /* Assets.xcassets */; };
		106F51832A00AB0C00971E65 /* LaunchScreen.storyboard in Resources */ = {isa = PBXBuildFile; fileRef = 106F51812A00AB0C00971E65 /* LaunchScreen.storyboard */; };
		106F518E2A00AB0C00971E65 /* basicstudyTests.swift in Sources */ = {isa = PBXBuildFile; fileRef = 106F518D2A00AB0C00971E65 /* basicstudyTests.swift */; };
		106F51982A00AB0C00971E65 /* basicstudyUITests.swift in Sources */ = {isa = PBXBuildFile; fileRef = 106F51972A00AB0C00971E65 /* basicstudyUITests.swift */; };
		106F519A2A00AB0C00971E65 /* basicstudyUITestsLaunchTests.swift in Sources */ = {isa = PBXBuildFile; fileRef = 106F51992A00AB0C00971E65 /* basicstudyUITestsLaunchTests.swift */; };
		10A53DA32A03AC990089B5CA /* Collections in Frameworks */ = {isa = PBXBuildFile; productRef = 10A53DA22A03AC990089B5CA /* Collections */; };
		10A53DA52A03AC990089B5CA /* DequeModule in Frameworks */ = {isa = PBXBuildFile; productRef = 10A53DA42A03AC990089B5CA /* DequeModule */; };
		10A53DA72A03AC990089B5CA /* OrderedCollections in Frameworks */ = {isa = PBXBuildFile; productRef = 10A53DA62A03AC990089B5CA /* OrderedCollections */; };
		10A53DAA2A03ACD20089B5CA /* Algorithms in Frameworks */ = {isa = PBXBuildFile; productRef = 10A53DA92A03ACD20089B5CA /* Algorithms */; };
/* End PBXBuildFile section */

/* Begin PBXContainerItemProxy section */
		106F518A2A00AB0C00971E65 /* PBXContainerItemProxy */ = {
			isa = PBXContainerItemProxy;
			containerPortal = 106F516B2A00AB0B00971E65 /* Project object */;
			proxyType = 1;
			remoteGlobalIDString = 106F51722A00AB0B00971E65;
			remoteInfo = basicstudy;
		};
		106F51942A00AB0C00971E65 /* PBXContainerItemProxy */ = {
			isa = PBXContainerItemProxy;
			containerPortal = 106F516B2A00AB0B00971E65 /* Project object */;
			proxyType = 1;
			remoteGlobalIDString = 106F51722A00AB0B00971E65;
			remoteInfo = basicstudy;
		};
/* End PBXContainerItemProxy section */

/* Begin PBXFileReference section */
		106F51732A00AB0B00971E65 /* basicstudy.app */ = {isa = PBXFileReference; explicitFileType = wrapper.application; includeInIndex = 0; path = basicstudy.app; sourceTree = BUILT_PRODUCTS_DIR; };
		106F51762A00AB0B00971E65 /* AppDelegate.swift */ = {isa = PBXFileReference; lastKnownFileType = sourcecode.swift; path = AppDelegate.swift; sourceTree = "<group>"; };
		106F51782A00AB0B00971E65 /* SceneDelegate.swift */ = {isa = PBXFileReference; lastKnownFileType = sourcecode.swift; path = SceneDelegate.swift; sourceTree = "<group>"; };
		106F517A2A00AB0B00971E65 /* ViewController.swift */ = {isa = PBXFileReference; lastKnownFileType = sourcecode.swift; path = ViewController.swift; sourceTree = "<group>"; };
		106F517D2A00AB0B00971E65 /* Base */ = {isa = PBXFileReference; lastKnownFileType = file.storyboard; name = Base; path = Base.lproj/Main.storyboard; sourceTree = "<group>"; };
		106F517F2A00AB0C00971E65 /* Assets.xcassets */ = {isa = PBXFileReference; lastKnownFileType = folder.assetcatalog; path = Assets.xcassets; sourceTree = "<group>"; };
		106F51822A00AB0C00971E65 /* Base */ = {isa = PBXFileReference; lastKnownFileType = file.storyboard; name = Base; path = Base.lproj/LaunchScreen.storyboard; sourceTree = "<group>"; };
		106F51842A00AB0C00971E65 /* Info.plist */ = {isa = PBXFileReference; lastKnownFileType = text.plist.xml; path = Info.plist; sourceTree = "<group>"; };
		106F51892A00AB0C00971E65 /* basicstudyTests.xctest */ = {isa = PBXFileReference; explicitFileType = wrapper.cfbundle; includeInIndex = 0; path = basicstudyTests.xctest; sourceTree = BUILT_PRODUCTS_DIR; };
		106F518D2A00AB0C00971E65 /* basicstudyTests.swift */ = {isa = PBXFileReference; lastKnownFileType = sourcecode.swift; path = basicstudyTests.swift; sourceTree = "<group>"; };
		106F51932A00AB0C00971E65 /* basicstudyUITests.xctest */ = {isa = PBXFileReference; explicitFileType = wrapper.cfbundle; includeInIndex = 0; path = basicstudyUITests.xctest; sourceTree = BUILT_PRODUCTS_DIR; };
		106F51972A00AB0C00971E65 /* basicstudyUITests.swift */ = {isa = PBXFileReference; lastKnownFileType = sourcecode.swift; path = basicstudyUITests.swift; sourceTree = "<group>"; };
		106F51992A00AB0C00971E65 /* basicstudyUITestsLaunchTests.swift */ = {isa = PBXFileReference; lastKnownFileType = sourcecode.swift; path = basicstudyUITestsLaunchTests.swift; sourceTree = "<group>"; };
/* End PBXFileReference section */

/* Begin PBXFrameworksBuildPhase section */
		106F51702A00AB0B00971E65 /* Frameworks */ = {
			isa = PBXFrameworksBuildPhase;
			buildActionMask = 2147483647;
			files = (
				10A53DAA2A03ACD20089B5CA /* Algorithms in Frameworks */,
				10A53DA32A03AC990089B5CA /* Collections in Frameworks */,
				10A53DA52A03AC990089B5CA /* DequeModule in Frameworks */,
				10A53DA72A03AC990089B5CA /* OrderedCollections in Frameworks */,
			);
			runOnlyForDeploymentPostprocessing = 0;
		};
		106F51862A00AB0C00971E65 /* Frameworks */ = {
			isa = PBXFrameworksBuildPhase;
			buildActionMask = 2147483647;
			files = (
			);
			runOnlyForDeploymentPostprocessing = 0;
		};
		106F51902A00AB0C00971E65 /* Frameworks */ = {
			isa = PBXFrameworksBuildPhase;
			buildActionMask = 2147483647;
			files = (
			);
			runOnlyForDeploymentPostprocessing = 0;
		};
/* End PBXFrameworksBuildPhase section */

/* Begin PBXGroup section */
		106F516A2A00AB0B00971E65 = {
			isa = PBXGroup;
			children = (
				106F51752A00AB0B00971E65 /* basicstudy */,
				106F518C2A00AB0C00971E65 /* basicstudyTests */,
				106F51962A00AB0C00971E65 /* basicstudyUITests */,
				106F51742A00AB0B00971E65 /* Products */,
			);
			sourceTree = "<group>";
		};
		106F51742A00AB0B00971E65 /* Products */ = {
			isa = PBXGroup;
			children = (
				106F51732A00AB0B00971E65 /* basicstudy.app */,
				106F51892A00AB0C00971E65 /* basicstudyTests.xctest */,
				106F51932A00AB0C00971E65 /* basicstudyUITests.xctest */,
			);
			name = Products;
			sourceTree = "<group>";
		};
		106F51752A00AB0B00971E65 /* basicstudy */ = {
			isa = PBXGroup;
			children = (
				106F51762A00AB0B00971E65 /* AppDelegate.swift */,
				106F51782A00AB0B00971E65 /* SceneDelegate.swift */,
				106F517A2A00AB0B00971E65 /* ViewController.swift */,
				106F517C2A00AB0B00971E65 /* Main.storyboard */,
				106F517F2A00AB0C00971E65 /* Assets.xcassets */,
				106F51812A00AB0C00971E65 /* LaunchScreen.storyboard */,
				106F51842A00AB0C00971E65 /* Info.plist */,
			);
			path = basicstudy;
			sourceTree = "<group>";
		};
		106F518C2A00AB0C00971E65 /* basicstudyTests */ = {
			isa = PBXGroup;
			children = (
				106F518D2A00AB0C00971E65 /* basicstudyTests.swift */,
			);
			path = basicstudyTests;
			sourceTree = "<group>";
		};
		106F51962A00AB0C00971E65 /* basicstudyUITests */ = {
			isa = PBXGroup;
			children = (
				106F51972A00AB0C00971E65 /* basicstudyUITests.swift */,
				106F51992A00AB0C00971E65 /* basicstudyUITestsLaunchTests.swift */,
			);
			path = basicstudyUITests;
			sourceTree = "<group>";
		};
/* End PBXGroup section */

/* Begin PBXNativeTarget section */
		106F51722A00AB0B00971E65 /* basicstudy */ = {
			isa = PBXNativeTarget;
			buildConfigurationList = 106F519D2A00AB0C00971E65 /* Build configuration list for PBXNativeTarget "basicstudy" */;
			buildPhases = (
				106F516F2A00AB0B00971E65 /* Sources */,
				106F51702A00AB0B00971E65 /* Frameworks */,
				106F51712A00AB0B00971E65 /* Resources */,
			);
			buildRules = (
			);
			dependencies = (
			);
			name = basicstudy;
			packageProductDependencies = (
				10A53DA22A03AC990089B5CA /* Collections */,
				10A53DA42A03AC990089B5CA /* DequeModule */,
				10A53DA62A03AC990089B5CA /* OrderedCollections */,
				10A53DA92A03ACD20089B5CA /* Algorithms */,
			);
			productName = basicstudy;
			productReference = 106F51732A00AB0B00971E65 /* basicstudy.app */;
			productType = "com.apple.product-type.application";
		};
		106F51882A00AB0C00971E65 /* basicstudyTests */ = {
			isa = PBXNativeTarget;
			buildConfigurationList = 106F51A02A00AB0C00971E65 /* Build configuration list for PBXNativeTarget "basicstudyTests" */;
			buildPhases = (
				106F51852A00AB0C00971E65 /* Sources */,
				106F51862A00AB0C00971E65 /* Frameworks */,
				106F51872A00AB0C00971E65 /* Resources */,
			);
			buildRules = (
			);
			dependencies = (
				106F518B2A00AB0C00971E65 /* PBXTargetDependency */,
			);
			name = basicstudyTests;
			productName = basicstudyTests;
			productReference = 106F51892A00AB0C00971E65 /* basicstudyTests.xctest */;
			productType = "com.apple.product-type.bundle.unit-test";
		};
		106F51922A00AB0C00971E65 /* basicstudyUITests */ = {
			isa = PBXNativeTarget;
			buildConfigurationList = 106F51A32A00AB0C00971E65 /* Build configuration list for PBXNativeTarget "basicstudyUITests" */;
			buildPhases = (
				106F518F2A00AB0C00971E65 /* Sources */,
				106F51902A00AB0C00971E65 /* Frameworks */,
				106F51912A00AB0C00971E65 /* Resources */,
			);
			buildRules = (
			);
			dependencies = (
				106F51952A00AB0C00971E65 /* PBXTargetDependency */,
			);
			name = basicstudyUITests;
			productName = basicstudyUITests;
			productReference = 106F51932A00AB0C00971E65 /* basicstudyUITests.xctest */;
			productType = "com.apple.product-type.bundle.ui-testing";
		};
/* End PBXNativeTarget section */

/* Begin PBXProject section */
		106F516B2A00AB0B00971E65 /* Project object */ = {
			isa = PBXProject;
			attributes = {
				BuildIndependentTargetsInParallel = 1;
				LastSwiftUpdateCheck = 1430;
				LastUpgradeCheck = 1430;
				TargetAttributes = {
					106F51722A00AB0B00971E65 = {
						CreatedOnToolsVersion = 14.3;
					};
					106F51882A00AB0C00971E65 = {
						CreatedOnToolsVersion = 14.3;
						TestTargetID = 106F51722A00AB0B00971E65;
					};
					106F51922A00AB0C00971E65 = {
						CreatedOnToolsVersion = 14.3;
						TestTargetID = 106F51722A00AB0B00971E65;
					};
				};
			};
			buildConfigurationList = 106F516E2A00AB0B00971E65 /* Build configuration list for PBXProject "basicstudy" */;
			compatibilityVersion = "Xcode 14.0";
			developmentRegion = en;
			hasScannedForEncodings = 0;
			knownRegions = (
				en,
				Base,
			);
			mainGroup = 106F516A2A00AB0B00971E65;
			packageReferences = (
				10A53DA12A03AC990089B5CA /* XCRemoteSwiftPackageReference "swift-collections" */,
				10A53DA82A03ACD20089B5CA /* XCRemoteSwiftPackageReference "swift-algorithms" */,
			);
			productRefGroup = 106F51742A00AB0B00971E65 /* Products */;
			projectDirPath = "";
			projectRoot = "";
			targets = (
				106F51722A00AB0B00971E65 /* basicstudy */,
				106F51882A00AB0C00971E65 /* basicstudyTests */,
				106F51922A00AB0C00971E65 /* basicstudyUITests */,
			);
		};
/* End PBXProject section */

/* Begin PBXResourcesBuildPhase section */
		106F51712A00AB0B00971E65 /* Resources */ = {
			isa = PBXResourcesBuildPhase;
			buildActionMask = 2147483647;
			files = (
				106F51832A00AB0C00971E65 /* LaunchScreen.storyboard in Resources */,
				106F51802A00AB0C00971E65 /* Assets.xcassets in Resources */,
				106F517E2A00AB0B00971E65 /* Main.storyboard in Resources */,
			);
			runOnlyForDeploymentPostprocessing = 0;
		};
		106F51872A00AB0C00971E65 /* Resources */ = {
			isa = PBXResourcesBuildPhase;
			buildActionMask = 2147483647;
			files = (
			);
			runOnlyForDeploymentPostprocessing = 0;
		};
		106F51912A00AB0C00971E65 /* Resources */ = {
			isa = PBXResourcesBuildPhase;
			buildActionMask = 2147483647;
			files = (
			);
			runOnlyForDeploymentPostprocessing = 0;
		};
/* End PBXResourcesBuildPhase section */

/* Begin PBXSourcesBuildPhase section */
		106F516F2A00AB0B00971E65 /* Sources */ = {
			isa = PBXSourcesBuildPhase;
			buildActionMask = 2147483647;
			files = (
				106F517B2A00AB0B00971E65 /* ViewController.swift in Sources */,
				106F51772A00AB0B00971E65 /* AppDelegate.swift in Sources */,
				106F51792A00AB0B00971E65 /* SceneDelegate.swift in Sources */,
			);
			runOnlyForDeploymentPostprocessing = 0;
		};
		106F51852A00AB0C00971E65 /* Sources */ = {
			isa = PBXSourcesBuildPhase;
			buildActionMask = 2147483647;
			files = (
				106F518E2A00AB0C00971E65 /* basicstudyTests.swift in Sources */,
			);
			runOnlyForDeploymentPostprocessing = 0;
		};
		106F518F2A00AB0C00971E65 /* Sources */ = {
			isa = PBXSourcesBuildPhase;
			buildActionMask = 2147483647;
			files = (
				106F51982A00AB0C00971E65 /* basicstudyUITests.swift in Sources */,
				106F519A2A00AB0C00971E65 /* basicstudyUITestsLaunchTests.swift in Sources */,
			);
			runOnlyForDeploymentPostprocessing = 0;
		};
/* End PBXSourcesBuildPhase section */

/* Begin PBXTargetDependency section */
		106F518B2A00AB0C00971E65 /* PBXTargetDependency */ = {
			isa = PBXTargetDependency;
			target = 106F51722A00AB0B00971E65 /* basicstudy */;
			targetProxy = 106F518A2A00AB0C00971E65 /* PBXContainerItemProxy */;
		};
		106F51952A00AB0C00971E65 /* PBXTargetDependency */ = {
			isa = PBXTargetDependency;
			target = 106F51722A00AB0B00971E65 /* basicstudy */;
			targetProxy = 106F51942A00AB0C00971E65 /* PBXContainerItemProxy */;
		};
/* End PBXTargetDependency section */

/* Begin PBXVariantGroup section */
		106F517C2A00AB0B00971E65 /* Main.storyboard */ = {
			isa = PBXVariantGroup;
			children = (
				106F517D2A00AB0B00971E65 /* Base */,
			);
			name = Main.storyboard;
			sourceTree = "<group>";
		};
		106F51812A00AB0C00971E65 /* LaunchScreen.storyboard */ = {
			isa = PBXVariantGroup;
			children = (
				106F51822A00AB0C00971E65 /* Base */,
			);
			name = LaunchScreen.storyboard;
			sourceTree = "<group>";
		};
/* End PBXVariantGroup section */

/* Begin XCBuildConfiguration section */
		106F519B2A00AB0C00971E65 /* Debug */ = {
			isa = XCBuildConfiguration;
			buildSettings = {
				ALWAYS_SEARCH_USER_PATHS = NO;
				CLANG_ANALYZER_NONNULL = YES;
				CLANG_ANALYZER_NUMBER_OBJECT_CONVERSION = YES_AGGRESSIVE;
				CLANG_CXX_LANGUAGE_STANDARD = "gnu++20";
				CLANG_ENABLE_MODULES = YES;
				CLANG_ENABLE_OBJC_ARC = YES;
				CLANG_ENABLE_OBJC_WEAK = YES;
				CLANG_WARN_BLOCK_CAPTURE_AUTORELEASING = YES;
				CLANG_WARN_BOOL_CONVERSION = YES;
				CLANG_WARN_COMMA = YES;
				CLANG_WARN_CONSTANT_CONVERSION = YES;
				CLANG_WARN_DEPRECATED_OBJC_IMPLEMENTATIONS = YES;
				CLANG_WARN_DIRECT_OBJC_ISA_USAGE = YES_ERROR;
				CLANG_WARN_DOCUMENTATION_COMMENTS = YES;
				CLANG_WARN_EMPTY_BODY = YES;
				CLANG_WARN_ENUM_CONVERSION = YES;
				CLANG_WARN_INFINITE_RECURSION = YES;
				CLANG_WARN_INT_CONVERSION = YES;
				CLANG_WARN_NON_LITERAL_NULL_CONVERSION = YES;
				CLANG_WARN_OBJC_IMPLICIT_RETAIN_SELF = YES;
				CLANG_WARN_OBJC_LITERAL_CONVERSION = YES;
				CLANG_WARN_OBJC_ROOT_CLASS = YES_ERROR;
				CLANG_WARN_QUOTED_INCLUDE_IN_FRAMEWORK_HEADER = YES;
				CLANG_WARN_RANGE_LOOP_ANALYSIS = YES;
				CLANG_WARN_STRICT_PROTOTYPES = YES;
				CLANG_WARN_SUSPICIOUS_MOVE = YES;
				CLANG_WARN_UNGUARDED_AVAILABILITY = YES_AGGRESSIVE;
				CLANG_WARN_UNREACHABLE_CODE = YES;
				CLANG_WARN__DUPLICATE_METHOD_MATCH = YES;
				COPY_PHASE_STRIP = NO;
				DEBUG_INFORMATION_FORMAT = dwarf;
				ENABLE_STRICT_OBJC_MSGSEND = YES;
				ENABLE_TESTABILITY = YES;
				GCC_C_LANGUAGE_STANDARD = gnu11;
				GCC_DYNAMIC_NO_PIC = NO;
				GCC_NO_COMMON_BLOCKS = YES;
				GCC_OPTIMIZATION_LEVEL = 0;
				GCC_PREPROCESSOR_DEFINITIONS = (
					"DEBUG=1",
					"$(inherited)",
				);
				GCC_WARN_64_TO_32_BIT_CONVERSION = YES;
				GCC_WARN_ABOUT_RETURN_TYPE = YES_ERROR;
				GCC_WARN_UNDECLARED_SELECTOR = YES;
				GCC_WARN_UNINITIALIZED_AUTOS = YES_AGGRESSIVE;
				GCC_WARN_UNUSED_FUNCTION = YES;
				GCC_WARN_UNUSED_VARIABLE = YES;
				IPHONEOS_DEPLOYMENT_TARGET = 16.4;
				MTL_ENABLE_DEBUG_INFO = INCLUDE_SOURCE;
				MTL_FAST_MATH = YES;
				ONLY_ACTIVE_ARCH = YES;
				SDKROOT = iphoneos;
				SWIFT_ACTIVE_COMPILATION_CONDITIONS = DEBUG;
				SWIFT_OPTIMIZATION_LEVEL = "-Onone";
			};
			name = Debug;
		};
		106F519C2A00AB0C00971E65 /* Release */ = {
			isa = XCBuildConfiguration;
			buildSettings = {
				ALWAYS_SEARCH_USER_PATHS = NO;
				CLANG_ANALYZER_NONNULL = YES;
				CLANG_ANALYZER_NUMBER_OBJECT_CONVERSION = YES_AGGRESSIVE;
				CLANG_CXX_LANGUAGE_STANDARD = "gnu++20";
				CLANG_ENABLE_MODULES = YES;
				CLANG_ENABLE_OBJC_ARC = YES;
				CLANG_ENABLE_OBJC_WEAK = YES;
				CLANG_WARN_BLOCK_CAPTURE_AUTORELEASING = YES;
				CLANG_WARN_BOOL_CONVERSION = YES;
				CLANG_WARN_COMMA = YES;
				CLANG_WARN_CONSTANT_CONVERSION = YES;
				CLANG_WARN_DEPRECATED_OBJC_IMPLEMENTATIONS = YES;
				CLANG_WARN_DIRECT_OBJC_ISA_USAGE = YES_ERROR;
				CLANG_WARN_DOCUMENTATION_COMMENTS = YES;
				CLANG_WARN_EMPTY_BODY = YES;
				CLANG_WARN_ENUM_CONVERSION = YES;
				CLANG_WARN_INFINITE_RECURSION = YES;
				CLANG_WARN_INT_CONVERSION = YES;
				CLANG_WARN_NON_LITERAL_NULL_CONVERSION = YES;
				CLANG_WARN_OBJC_IMPLICIT_RETAIN_SELF = YES;
				CLANG_WARN_OBJC_LITERAL_CONVERSION = YES;
				CLANG_WARN_OBJC_ROOT_CLASS = YES_ERROR;
				CLANG_WARN_QUOTED_INCLUDE_IN_FRAMEWORK_HEADER = YES;
				CLANG_WARN_RANGE_LOOP_ANALYSIS = YES;
				CLANG_WARN_STRICT_PROTOTYPES = YES;
				CLANG_WARN_SUSPICIOUS_MOVE = YES;
				CLANG_WARN_UNGUARDED_AVAILABILITY = YES_AGGRESSIVE;
				CLANG_WARN_UNREACHABLE_CODE = YES;
				CLANG_WARN__DUPLICATE_METHOD_MATCH = YES;
				COPY_PHASE_STRIP = NO;
				DEBUG_INFORMATION_FORMAT = "dwarf-with-dsym";
				ENABLE_NS_ASSERTIONS = NO;
				ENABLE_STRICT_OBJC_MSGSEND = YES;
				GCC_C_LANGUAGE_STANDARD = gnu11;
				GCC_NO_COMMON_BLOCKS = YES;
				GCC_WARN_64_TO_32_BIT_CONVERSION = YES;
				GCC_WARN_ABOUT_RETURN_TYPE = YES_ERROR;
				GCC_WARN_UNDECLARED_SELECTOR = YES;
				GCC_WARN_UNINITIALIZED_AUTOS = YES_AGGRESSIVE;
				GCC_WARN_UNUSED_FUNCTION = YES;
				GCC_WARN_UNUSED_VARIABLE = YES;
				IPHONEOS_DEPLOYMENT_TARGET = 16.4;
				MTL_ENABLE_DEBUG_INFO = NO;
				MTL_FAST_MATH = YES;
				SDKROOT = iphoneos;
				SWIFT_COMPILATION_MODE = wholemodule;
				SWIFT_OPTIMIZATION_LEVEL = "-O";
				VALIDATE_PRODUCT = YES;
			};
			name = Release;
		};
		106F519E2A00AB0C00971E65 /* Debug */ = {
			isa = XCBuildConfiguration;
			buildSettings = {
				ASSETCATALOG_COMPILER_APPICON_NAME = AppIcon;
				ASSETCATALOG_COMPILER_GLOBAL_ACCENT_COLOR_NAME = AccentColor;
				CODE_SIGN_STYLE = Automatic;
				CURRENT_PROJECT_VERSION = 1;
				GENERATE_INFOPLIST_FILE = YES;
				INFOPLIST_FILE = basicstudy/Info.plist;
				INFOPLIST_KEY_UIApplicationSupportsIndirectInputEvents = YES;
				INFOPLIST_KEY_UILaunchStoryboardName = LaunchScreen;
				INFOPLIST_KEY_UIMainStoryboardFile = Main;
				INFOPLIST_KEY_UIStatusBarStyle = UIStatusBarStyleDarkContent;
				INFOPLIST_KEY_UISupportedInterfaceOrientations_iPad = "UIInterfaceOrientationPortrait UIInterfaceOrientationPortraitUpsideDown UIInterfaceOrientationLandscapeLeft UIInterfaceOrientationLandscapeRight";
				INFOPLIST_KEY_UISupportedInterfaceOrientations_iPhone = "UIInterfaceOrientationPortrait UIInterfaceOrientationLandscapeLeft UIInterfaceOrientationLandscapeRight";
				LD_RUNPATH_SEARCH_PATHS = (
					"$(inherited)",
					"@executable_path/Frameworks",
				);
				MARKETING_VERSION = 1.0;
				PRODUCT_BUNDLE_IDENTIFIER = js.test.basicstudy;
				PRODUCT_NAME = "$(TARGET_NAME)";
				SWIFT_EMIT_LOC_STRINGS = YES;
				SWIFT_VERSION = 5.0;
				TARGETED_DEVICE_FAMILY = "1,2";
			};
			name = Debug;
		};
		106F519F2A00AB0C00971E65 /* Release */ = {
			isa = XCBuildConfiguration;
			buildSettings = {
				ASSETCATALOG_COMPILER_APPICON_NAME = AppIcon;
				ASSETCATALOG_COMPILER_GLOBAL_ACCENT_COLOR_NAME = AccentColor;
				CODE_SIGN_STYLE = Automatic;
				CURRENT_PROJECT_VERSION = 1;
				GENERATE_INFOPLIST_FILE = YES;
				INFOPLIST_FILE = basicstudy/Info.plist;
				INFOPLIST_KEY_UIApplicationSupportsIndirectInputEvents = YES;
				INFOPLIST_KEY_UILaunchStoryboardName = LaunchScreen;
				INFOPLIST_KEY_UIMainStoryboardFile = Main;
				INFOPLIST_KEY_UIStatusBarStyle = UIStatusBarStyleDarkContent;
				INFOPLIST_KEY_UISupportedInterfaceOrientations_iPad = "UIInterfaceOrientationPortrait UIInterfaceOrientationPortraitUpsideDown UIInterfaceOrientationLandscapeLeft UIInterfaceOrientationLandscapeRight";
				INFOPLIST_KEY_UISupportedInterfaceOrientations_iPhone = "UIInterfaceOrientationPortrait UIInterfaceOrientationLandscapeLeft UIInterfaceOrientationLandscapeRight";
				LD_RUNPATH_SEARCH_PATHS = (
					"$(inherited)",
					"@executable_path/Frameworks",
				);
				MARKETING_VERSION = 1.0;
				PRODUCT_BUNDLE_IDENTIFIER = js.test.basicstudy;
				PRODUCT_NAME = "$(TARGET_NAME)";
				SWIFT_EMIT_LOC_STRINGS = YES;
				SWIFT_VERSION = 5.0;
				TARGETED_DEVICE_FAMILY = "1,2";
			};
			name = Release;
		};
		106F51A12A00AB0C00971E65 /* Debug */ = {
			isa = XCBuildConfiguration;
			buildSettings = {
				ALWAYS_EMBED_SWIFT_STANDARD_LIBRARIES = YES;
				BUNDLE_LOADER = "$(TEST_HOST)";
				CODE_SIGN_STYLE = Automatic;
				CURRENT_PROJECT_VERSION = 1;
				GENERATE_INFOPLIST_FILE = YES;
				IPHONEOS_DEPLOYMENT_TARGET = 16.4;
				MARKETING_VERSION = 1.0;
				PRODUCT_BUNDLE_IDENTIFIER = js.test.basicstudyTests;
				PRODUCT_NAME = "$(TARGET_NAME)";
				SWIFT_EMIT_LOC_STRINGS = NO;
				SWIFT_VERSION = 5.0;
				TARGETED_DEVICE_FAMILY = "1,2";
				TEST_HOST = "$(BUILT_PRODUCTS_DIR)/basicstudy.app/$(BUNDLE_EXECUTABLE_FOLDER_PATH)/basicstudy";
			};
			name = Debug;
		};
		106F51A22A00AB0C00971E65 /* Release */ = {
			isa = XCBuildConfiguration;
			buildSettings = {
				ALWAYS_EMBED_SWIFT_STANDARD_LIBRARIES = YES;
				BUNDLE_LOADER = "$(TEST_HOST)";
				CODE_SIGN_STYLE = Automatic;
				CURRENT_PROJECT_VERSION = 1;
				GENERATE_INFOPLIST_FILE = YES;
				IPHONEOS_DEPLOYMENT_TARGET = 16.4;
				MARKETING_VERSION = 1.0;
				PRODUCT_BUNDLE_IDENTIFIER = js.test.basicstudyTests;
				PRODUCT_NAME = "$(TARGET_NAME)";
				SWIFT_EMIT_LOC_STRINGS = NO;
				SWIFT_VERSION = 5.0;
				TARGETED_DEVICE_FAMILY = "1,2";
				TEST_HOST = "$(BUILT_PRODUCTS_DIR)/basicstudy.app/$(BUNDLE_EXECUTABLE_FOLDER_PATH)/basicstudy";
			};
			name = Release;
		};
		106F51A42A00AB0C00971E65 /* Debug */ = {
			isa = XCBuildConfiguration;
			buildSettings = {
				ALWAYS_EMBED_SWIFT_STANDARD_LIBRARIES = YES;
				CODE_SIGN_STYLE = Automatic;
				CURRENT_PROJECT_VERSION = 1;
				GENERATE_INFOPLIST_FILE = YES;
				MARKETING_VERSION = 1.0;
				PRODUCT_BUNDLE_IDENTIFIER = js.test.basicstudyUITests;
				PRODUCT_NAME = "$(TARGET_NAME)";
				SWIFT_EMIT_LOC_STRINGS = NO;
				SWIFT_VERSION = 5.0;
				TARGETED_DEVICE_FAMILY = "1,2";
				TEST_TARGET_NAME = basicstudy;
			};
			name = Debug;
		};
		106F51A52A00AB0C00971E65 /* Release */ = {
			isa = XCBuildConfiguration;
			buildSettings = {
				ALWAYS_EMBED_SWIFT_STANDARD_LIBRARIES = YES;
				CODE_SIGN_STYLE = Automatic;
				CURRENT_PROJECT_VERSION = 1;
				GENERATE_INFOPLIST_FILE = YES;
				MARKETING_VERSION = 1.0;
				PRODUCT_BUNDLE_IDENTIFIER = js.test.basicstudyUITests;
				PRODUCT_NAME = "$(TARGET_NAME)";
				SWIFT_EMIT_LOC_STRINGS = NO;
				SWIFT_VERSION = 5.0;
				TARGETED_DEVICE_FAMILY = "1,2";
				TEST_TARGET_NAME = basicstudy;
			};
			name = Release;
		};
/* End XCBuildConfiguration section */

/* Begin XCConfigurationList section */
		106F516E2A00AB0B00971E65 /* Build configuration list for PBXProject "basicstudy" */ = {
			isa = XCConfigurationList;
			buildConfigurations = (
				106F519B2A00AB0C00971E65 /* Debug */,
				106F519C2A00AB0C00971E65 /* Release */,
			);
			defaultConfigurationIsVisible = 0;
			defaultConfigurationName = Release;
		};
		106F519D2A00AB0C00971E65 /* Build configuration list for PBXNativeTarget "basicstudy" */ = {
			isa = XCConfigurationList;
			buildConfigurations = (
				106F519E2A00AB0C00971E65 /* Debug */,
				106F519F2A00AB0C00971E65 /* Release */,
			);
			defaultConfigurationIsVisible = 0;
			defaultConfigurationName = Release;
		};
		106F51A02A00AB0C00971E65 /* Build configuration list for PBXNativeTarget "basicstudyTests" */ = {
			isa = XCConfigurationList;
			buildConfigurations = (
				106F51A12A00AB0C00971E65 /* Debug */,
				106F51A22A00AB0C00971E65 /* Release */,
			);
			defaultConfigurationIsVisible = 0;
			defaultConfigurationName = Release;
		};
		106F51A32A00AB0C00971E65 /* Build configuration list for PBXNativeTarget "basicstudyUITests" */ = {
			isa = XCConfigurationList;
			buildConfigurations = (
				106F51A42A00AB0C00971E65 /* Debug */,
				106F51A52A00AB0C00971E65 /* Release */,
			);
			defaultConfigurationIsVisible = 0;
			defaultConfigurationName = Release;
		};
/* End XCConfigurationList section */

/* Begin XCRemoteSwiftPackageReference section */
		10A53DA12A03AC990089B5CA /* XCRemoteSwiftPackageReference "swift-collections" */ = {
			isa = XCRemoteSwiftPackageReference;
			repositoryURL = "https://github.com/apple/swift-collections.git";
			requirement = {
				kind = upToNextMajorVersion;
				minimumVersion = 1.0.0;
			};
		};
		10A53DA82A03ACD20089B5CA /* XCRemoteSwiftPackageReference "swift-algorithms" */ = {
			isa = XCRemoteSwiftPackageReference;
			repositoryURL = "https://github.com/apple/swift-algorithms.git";
			requirement = {
				kind = upToNextMajorVersion;
				minimumVersion = 1.0.0;
			};
		};
/* End XCRemoteSwiftPackageReference section */

/* Begin XCSwiftPackageProductDependency section */
		10A53DA22A03AC990089B5CA /* Collections */ = {
			isa = XCSwiftPackageProductDependency;
			package = 10A53DA12A03AC990089B5CA /* XCRemoteSwiftPackageReference "swift-collections" */;
			productName = Collections;
		};
		10A53DA42A03AC990089B5CA /* DequeModule */ = {
			isa = XCSwiftPackageProductDependency;
			package = 10A53DA12A03AC990089B5CA /* XCRemoteSwiftPackageReference "swift-collections" */;
			productName = DequeModule;
		};
		10A53DA62A03AC990089B5CA /* OrderedCollections */ = {
			isa = XCSwiftPackageProductDependency;
			package = 10A53DA12A03AC990089B5CA /* XCRemoteSwiftPackageReference "swift-collections" */;
			productName = OrderedCollections;
		};
		10A53DA92A03ACD20089B5CA /* Algorithms */ = {
			isa = XCSwiftPackageProductDependency;
			package = 10A53DA82A03ACD20089B5CA /* XCRemoteSwiftPackageReference "swift-algorithms" */;
			productName = Algorithms;
		};
/* End XCSwiftPackageProductDependency section */
	};
	rootObject = 106F516B2A00AB0B00971E65 /* Project object */;
}
